
Microsoft Visual Studio Solution File, Format Version 12.00
# Visual Studio Version 17
VisualStudioVersion = 17.4.33213.308
MinimumVisualStudioVersion = 10.0.40219.1
Project("{FAE04EC0-301F-11D3-BF4B-00C04F79EFBC}") = "FirstProg", "FirstProg\FirstProg.csproj", "{CEB42CDE-D01E-4893-BD0B-6B4EE8E2EFEF}"
EndProject
Global
	GlobalSection(SolutionConfigurationPlatforms) = preSolution
		Debug|Any CPU = Debug|Any CPU
		Release|Any CPU = Release|Any CPU
	EndGlobalSection
	GlobalSection(ProjectConfigurationPlatforms) = postSolution
		{CEB42CDE-D01E-4893-BD0B-6B4EE8E2EFEF}.Debug|Any CPU.ActiveCfg = Debug|Any CPU
		{CEB42CDE-D01E-4893-BD0B-6B4EE8E2EFEF}.Debug|Any CPU.Build.0 = Debug|Any CPU
		{CEB42CDE-D01E-4893-BD0B-6B4EE8E2EFEF}.Release|Any CPU.ActiveCfg = Release|Any CPU
		{CEB42CDE-D01E-4893-BD0B-6B4EE8E2EFEF}.Release|Any CPU.Build.0 = Release|Any CPU
	EndGlobalSection
	GlobalSection(SolutionProperties) = preSolution
		HideSolutionNode = FALSE
	EndGlobalSection
	GlobalSection(ExtensibilityGlobals) = postSolution
		SolutionGuid = {F29CC44E-C995-47FF-A1DF-D4ED52C06C8F}
	EndGlobalSection
EndGlobal
